{
  "name": "first_project",
  "requires": true,
  "lockfileVersion": 1,
  "dependencies": {
    "@plated/plated_kit": {
      "version": "0.0.3",
      "resolved": "https://npm-proxy.fury.io/1fUiJU-YZ9thNhzmLrFbjEPf80qQOcYu8/plateddev1/~/d/%40plated%2Fplated_kit/%40plated%2Fplated_kit-0.0.3",
      "integrity": "sha1-BlRcqiK5UOKceZaXEivjz+Dp75w=",
      "requires": {
        "uikit": "3.0.0-rc.4"
      }
    },
    "uikit": {
      "version": "3.0.0-rc.4",
      "resolved": "https://registry.npmjs.org/uikit/-/uikit-3.0.0-rc.4.tgz",
      "integrity": "sha512-kn5RnqHsqgVyfba9r2LgxJlastcZSMQT9MDb3OxQPQYzXPto9YraTZwyh3Kd01sieckRSSoVmmwMFtfjOa7uBA=="
    }
  }
}
